
Microsoft Visual Studio Solution File, Format Version 12.00
# Visual Studio Version 17
VisualStudioVersion = 17.4.33205.214
MinimumVisualStudioVersion = 10.0.40219.1
Project("{FAE04EC0-301F-11D3-BF4B-00C04F79EFBC}") = "LinqWithObjects", "LinqWithObjects\LinqWithObjects.csproj", "{36C6CC69-733F-4F98-A889-EE755D499D8D}"
EndProject
Project("{FAE04EC0-301F-11D3-BF4B-00C04F79EFBC}") = "LinqWithSets", "LinqWithSets\LinqWithSets.csproj", "{16D6AE8A-E2FC-4782-82EA-3DAB7A289252}"
EndProject
Project("{FAE04EC0-301F-11D3-BF4B-00C04F79EFBC}") = "LinqWithEFCore", "LinqWithEFCore\LinqWithEFCore.csproj", "{0E5DFB3E-F77D-4ACA-AAFB-39C83A01BA8A}"
EndProject
Global
	GlobalSection(SolutionConfigurationPlatforms) = preSolution
		Debug|Any CPU = Debug|Any CPU
		Release|Any CPU = Release|Any CPU
	EndGlobalSection
	GlobalSection(ProjectConfigurationPlatforms) = postSolution
		{36C6CC69-733F-4F98-A889-EE755D499D8D}.Debug|Any CPU.ActiveCfg = Debug|Any CPU
		{36C6CC69-733F-4F98-A889-EE755D499D8D}.Debug|Any CPU.Build.0 = Debug|Any CPU
		{36C6CC69-733F-4F98-A889-EE755D499D8D}.Release|Any CPU.ActiveCfg = Release|Any CPU
		{36C6CC69-733F-4F98-A889-EE755D499D8D}.Release|Any CPU.Build.0 = Release|Any CPU
		{16D6AE8A-E2FC-4782-82EA-3DAB7A289252}.Debug|Any CPU.ActiveCfg = Debug|Any CPU
		{16D6AE8A-E2FC-4782-82EA-3DAB7A289252}.Debug|Any CPU.Build.0 = Debug|Any CPU
		{16D6AE8A-E2FC-4782-82EA-3DAB7A289252}.Release|Any CPU.ActiveCfg = Release|Any CPU
		{16D6AE8A-E2FC-4782-82EA-3DAB7A289252}.Release|Any CPU.Build.0 = Release|Any CPU
		{0E5DFB3E-F77D-4ACA-AAFB-39C83A01BA8A}.Debug|Any CPU.ActiveCfg = Debug|Any CPU
		{0E5DFB3E-F77D-4ACA-AAFB-39C83A01BA8A}.Debug|Any CPU.Build.0 = Debug|Any CPU
		{0E5DFB3E-F77D-4ACA-AAFB-39C83A01BA8A}.Release|Any CPU.ActiveCfg = Release|Any CPU
		{0E5DFB3E-F77D-4ACA-AAFB-39C83A01BA8A}.Release|Any CPU.Build.0 = Release|Any CPU
	EndGlobalSection
	GlobalSection(SolutionProperties) = preSolution
		HideSolutionNode = FALSE
	EndGlobalSection
	GlobalSection(ExtensibilityGlobals) = postSolution
		SolutionGuid = {2F1D30CE-C4FE-4A30-B645-DBA43BCE2859}
	EndGlobalSection
EndGlobal
