
Microsoft Visual Studio Solution File, Format Version 12.00
# Visual Studio Version 17
VisualStudioVersion = 17.4.33122.133
MinimumVisualStudioVersion = 10.0.40219.1
Project("{9A19103F-16F7-4668-BE54-9A1E7A4F7556}") = "Inje.AIConvergence.Common.EntityModels.Sqlite", "Inje.AIConvergence.Common.EntityModels.Sqlite\Inje.AIConvergence.Common.EntityModels.Sqlite.csproj", "{00E87C43-0F7E-4470-863F-A9FA7B4F538B}"
EndProject
Project("{9A19103F-16F7-4668-BE54-9A1E7A4F7556}") = "Inje.AIConvergence.Common.DataContext.Sqlite", "Inje.AIConvergence.Common.DataContext.Sqlite\Inje.AIConvergence.Common.DataContext.Sqlite.csproj", "{1CF4CA01-5A01-4720-B5C8-2B02F6F8BE51}"
EndProject
Global
	GlobalSection(SolutionConfigurationPlatforms) = preSolution
		Debug|Any CPU = Debug|Any CPU
		Release|Any CPU = Release|Any CPU
	EndGlobalSection
	GlobalSection(ProjectConfigurationPlatforms) = postSolution
		{00E87C43-0F7E-4470-863F-A9FA7B4F538B}.Debug|Any CPU.ActiveCfg = Debug|Any CPU
		{00E87C43-0F7E-4470-863F-A9FA7B4F538B}.Debug|Any CPU.Build.0 = Debug|Any CPU
		{00E87C43-0F7E-4470-863F-A9FA7B4F538B}.Release|Any CPU.ActiveCfg = Release|Any CPU
		{00E87C43-0F7E-4470-863F-A9FA7B4F538B}.Release|Any CPU.Build.0 = Release|Any CPU
		{1CF4CA01-5A01-4720-B5C8-2B02F6F8BE51}.Debug|Any CPU.ActiveCfg = Debug|Any CPU
		{1CF4CA01-5A01-4720-B5C8-2B02F6F8BE51}.Debug|Any CPU.Build.0 = Debug|Any CPU
		{1CF4CA01-5A01-4720-B5C8-2B02F6F8BE51}.Release|Any CPU.ActiveCfg = Release|Any CPU
		{1CF4CA01-5A01-4720-B5C8-2B02F6F8BE51}.Release|Any CPU.Build.0 = Release|Any CPU
	EndGlobalSection
	GlobalSection(SolutionProperties) = preSolution
		HideSolutionNode = FALSE
	EndGlobalSection
	GlobalSection(ExtensibilityGlobals) = postSolution
		SolutionGuid = {36B5D38B-D2BA-4A5B-9B77-ED6141ECD2CF}
	EndGlobalSection
EndGlobal
