
Microsoft Visual Studio Solution File, Format Version 12.00
# Visual Studio Version 17
VisualStudioVersion = 17.4.33122.133
MinimumVisualStudioVersion = 10.0.40219.1
Project("{9A19103F-16F7-4668-BE54-9A1E7A4F7556}") = "Inje.AIConvergence.Common.EntityModels.Sqlite", "Inje.AIConvergence.Common.EntityModels.Sqlite\Inje.AIConvergence.Common.EntityModels.Sqlite.csproj", "{00E87C43-0F7E-4470-863F-A9FA7B4F538B}"
EndProject
Project("{9A19103F-16F7-4668-BE54-9A1E7A4F7556}") = "Inje.AIConvergence.Common.DataContext.Sqlite", "Inje.AIConvergence.Common.DataContext.Sqlite\Inje.AIConvergence.Common.DataContext.Sqlite.csproj", "{1CF4CA01-5A01-4720-B5C8-2B02F6F8BE51}"
EndProject
Project("{9A19103F-16F7-4668-BE54-9A1E7A4F7556}") = "Inje.AIConvergence.Common.DataContext.SqlServer", "Inje.AIConvergence.Common.DataContext.SqlServer\Inje.AIConvergence.Common.DataContext.SqlServer.csproj", "{F0B7F107-885D-47C9-BDAA-231796A21783}"
EndProject
Project("{9A19103F-16F7-4668-BE54-9A1E7A4F7556}") = "Inje.AIConvergence.Common.EntityModels.SqlServer", "Inje.AIConvergence.Common.EntityModels.SqlServer\Inje.AIConvergence.Common.EntityModels.SqlServer.csproj", "{F0E9BABE-E53F-45AA-87E1-3DDD97A29397}"
EndProject
Project("{9A19103F-16F7-4668-BE54-9A1E7A4F7556}") = "Inje.AIConvergence.Web", "Inje.AIConvergence.Web\Inje.AIConvergence.Web.csproj", "{D20DAA65-A6DC-4737-92F3-9252D624555D}"
EndProject
Project("{9A19103F-16F7-4668-BE54-9A1E7A4F7556}") = "Inje.AIConvergence.Razor.Employees", "Inje.AIConvergence.Razor.Employees\Inje.AIConvergence.Razor.Employees.csproj", "{977D6B86-E1BF-4A07-A1BC-F7C2C67785AA}"
EndProject
Project("{9A19103F-16F7-4668-BE54-9A1E7A4F7556}") = "Inje.AIConvergence.Mvc", "Inje.AIConvergence.Mvc\Inje.AIConvergence.Mvc.csproj", "{932E24EB-BA3E-4AEB-BD34-A7ED774259F5}"
EndProject
Project("{9A19103F-16F7-4668-BE54-9A1E7A4F7556}") = "Inje.AIConvergence.WebApi", "Inje.AIConvergence.WebApi\Inje.AIConvergence.WebApi.csproj", "{FB8A0CDB-0662-4106-BAE5-40D7F6F26D9F}"
EndProject
Project("{9A19103F-16F7-4668-BE54-9A1E7A4F7556}") = "Inje.AIConvergence.Common", "Inje.AIConvergence.Common\Inje.AIConvergence.Common.csproj", "{A2FE75B7-59F5-49AB-A142-3C82DD4C7506}"
EndProject
Project("{9A19103F-16F7-4668-BE54-9A1E7A4F7556}") = "Minimal.WebApi", "Minimal.WebApi\Minimal.WebApi.csproj", "{37AF3A55-BB10-436D-89BA-A2CD526C6A73}"
EndProject
Project("{9A19103F-16F7-4668-BE54-9A1E7A4F7556}") = "Inje.AIConvergence.BlazorServer", "Inje.AIConvergence.BlazorServer\Inje.AIConvergence.BlazorServer.csproj", "{327ADD49-5DCB-457B-8E31-10885FE4D50E}"
EndProject
Project("{9A19103F-16F7-4668-BE54-9A1E7A4F7556}") = "Inje.AIConvergence.BlazorWasm.Server", "Inje.AIConvergence.BlazorWasm\Server\Inje.AIConvergence.BlazorWasm.Server.csproj", "{EE2F46DE-9711-4BCA-B6B5-BA459B63729D}"
EndProject
Project("{9A19103F-16F7-4668-BE54-9A1E7A4F7556}") = "Inje.AIConvergence.BlazorWasm.Client", "Inje.AIConvergence.BlazorWasm\Client\Inje.AIConvergence.BlazorWasm.Client.csproj", "{49F6962E-F928-4E1F-8095-DB1458B77406}"
EndProject
Project("{9A19103F-16F7-4668-BE54-9A1E7A4F7556}") = "Inje.AIConvergence.BlazorWasm.Shared", "Inje.AIConvergence.BlazorWasm\Shared\Inje.AIConvergence.BlazorWasm.Shared.csproj", "{81A5E6EE-5EFA-41B1-A4FB-441EF6A8B4B7}"
EndProject
Project("{9A19103F-16F7-4668-BE54-9A1E7A4F7556}") = "Inje.AIConvergence.Blazor.Customers", "Inje.AIConvergence.Blazor.Customers\Inje.AIConvergence.Blazor.Customers.csproj", "{21EB9FA1-FD42-44BF-ADB4-863A50E5AEE9}"
EndProject
Project("{9A19103F-16F7-4668-BE54-9A1E7A4F7556}") = "Inje.AIConvergence.OData", "Inje.AIConvergence.OData\Inje.AIConvergence.OData.csproj", "{299101DC-D870-49FE-AAD1-C36884AB54AF}"
EndProject
Project("{9A19103F-16F7-4668-BE54-9A1E7A4F7556}") = "Inje.AIConvergence.GraphQL", "Inje.AIConvergence.GraphQL\Inje.AIConvergence.GraphQL.csproj", "{15944D17-06FF-4242-B48A-52ABAD3D15FF}"
EndProject
Project("{9A19103F-16F7-4668-BE54-9A1E7A4F7556}") = "Inje.AIConvergence.gRPC", "Inje.AIConvergence.gRPC\Inje.AIConvergence.gRPC.csproj", "{35838C46-0CCE-422D-A8A7-BAEED90F0FEB}"
EndProject
Project("{9A19103F-16F7-4668-BE54-9A1E7A4F7556}") = "Inje.AIConvergence.SignalR.ConsoleClient", "Inje.AIConvergence.SignalR.ConsoleClient\Inje.AIConvergence.SignalR.ConsoleClient.csproj", "{3604B5AD-CD09-4D72-BA71-C8B1A963A771}"
EndProject
Project("{FAE04EC0-301F-11D3-BF4B-00C04F79EFBC}") = "Inje.AIConvergence.AzureFuncs", "Inje.AIConvergence.AzureFuncs\Inje.AIConvergence.AzureFuncs.csproj", "{917B1380-E075-43DA-823D-BBBCF49D4727}"
EndProject
Global
	GlobalSection(SolutionConfigurationPlatforms) = preSolution
		Debug|Any CPU = Debug|Any CPU
		Release|Any CPU = Release|Any CPU
	EndGlobalSection
	GlobalSection(ProjectConfigurationPlatforms) = postSolution
		{00E87C43-0F7E-4470-863F-A9FA7B4F538B}.Debug|Any CPU.ActiveCfg = Debug|Any CPU
		{00E87C43-0F7E-4470-863F-A9FA7B4F538B}.Debug|Any CPU.Build.0 = Debug|Any CPU
		{00E87C43-0F7E-4470-863F-A9FA7B4F538B}.Release|Any CPU.ActiveCfg = Release|Any CPU
		{00E87C43-0F7E-4470-863F-A9FA7B4F538B}.Release|Any CPU.Build.0 = Release|Any CPU
		{1CF4CA01-5A01-4720-B5C8-2B02F6F8BE51}.Debug|Any CPU.ActiveCfg = Debug|Any CPU
		{1CF4CA01-5A01-4720-B5C8-2B02F6F8BE51}.Debug|Any CPU.Build.0 = Debug|Any CPU
		{1CF4CA01-5A01-4720-B5C8-2B02F6F8BE51}.Release|Any CPU.ActiveCfg = Release|Any CPU
		{1CF4CA01-5A01-4720-B5C8-2B02F6F8BE51}.Release|Any CPU.Build.0 = Release|Any CPU
		{F0B7F107-885D-47C9-BDAA-231796A21783}.Debug|Any CPU.ActiveCfg = Debug|Any CPU
		{F0B7F107-885D-47C9-BDAA-231796A21783}.Debug|Any CPU.Build.0 = Debug|Any CPU
		{F0B7F107-885D-47C9-BDAA-231796A21783}.Release|Any CPU.ActiveCfg = Release|Any CPU
		{F0B7F107-885D-47C9-BDAA-231796A21783}.Release|Any CPU.Build.0 = Release|Any CPU
		{F0E9BABE-E53F-45AA-87E1-3DDD97A29397}.Debug|Any CPU.ActiveCfg = Debug|Any CPU
		{F0E9BABE-E53F-45AA-87E1-3DDD97A29397}.Debug|Any CPU.Build.0 = Debug|Any CPU
		{F0E9BABE-E53F-45AA-87E1-3DDD97A29397}.Release|Any CPU.ActiveCfg = Release|Any CPU
		{F0E9BABE-E53F-45AA-87E1-3DDD97A29397}.Release|Any CPU.Build.0 = Release|Any CPU
		{D20DAA65-A6DC-4737-92F3-9252D624555D}.Debug|Any CPU.ActiveCfg = Debug|Any CPU
		{D20DAA65-A6DC-4737-92F3-9252D624555D}.Debug|Any CPU.Build.0 = Debug|Any CPU
		{D20DAA65-A6DC-4737-92F3-9252D624555D}.Release|Any CPU.ActiveCfg = Release|Any CPU
		{D20DAA65-A6DC-4737-92F3-9252D624555D}.Release|Any CPU.Build.0 = Release|Any CPU
		{977D6B86-E1BF-4A07-A1BC-F7C2C67785AA}.Debug|Any CPU.ActiveCfg = Debug|Any CPU
		{977D6B86-E1BF-4A07-A1BC-F7C2C67785AA}.Debug|Any CPU.Build.0 = Debug|Any CPU
		{977D6B86-E1BF-4A07-A1BC-F7C2C67785AA}.Release|Any CPU.ActiveCfg = Release|Any CPU
		{977D6B86-E1BF-4A07-A1BC-F7C2C67785AA}.Release|Any CPU.Build.0 = Release|Any CPU
		{932E24EB-BA3E-4AEB-BD34-A7ED774259F5}.Debug|Any CPU.ActiveCfg = Debug|Any CPU
		{932E24EB-BA3E-4AEB-BD34-A7ED774259F5}.Debug|Any CPU.Build.0 = Debug|Any CPU
		{932E24EB-BA3E-4AEB-BD34-A7ED774259F5}.Release|Any CPU.ActiveCfg = Release|Any CPU
		{932E24EB-BA3E-4AEB-BD34-A7ED774259F5}.Release|Any CPU.Build.0 = Release|Any CPU
		{FB8A0CDB-0662-4106-BAE5-40D7F6F26D9F}.Debug|Any CPU.ActiveCfg = Debug|Any CPU
		{FB8A0CDB-0662-4106-BAE5-40D7F6F26D9F}.Debug|Any CPU.Build.0 = Debug|Any CPU
		{FB8A0CDB-0662-4106-BAE5-40D7F6F26D9F}.Release|Any CPU.ActiveCfg = Release|Any CPU
		{FB8A0CDB-0662-4106-BAE5-40D7F6F26D9F}.Release|Any CPU.Build.0 = Release|Any CPU
		{A2FE75B7-59F5-49AB-A142-3C82DD4C7506}.Debug|Any CPU.ActiveCfg = Debug|Any CPU
		{A2FE75B7-59F5-49AB-A142-3C82DD4C7506}.Debug|Any CPU.Build.0 = Debug|Any CPU
		{A2FE75B7-59F5-49AB-A142-3C82DD4C7506}.Release|Any CPU.ActiveCfg = Release|Any CPU
		{A2FE75B7-59F5-49AB-A142-3C82DD4C7506}.Release|Any CPU.Build.0 = Release|Any CPU
		{37AF3A55-BB10-436D-89BA-A2CD526C6A73}.Debug|Any CPU.ActiveCfg = Debug|Any CPU
		{37AF3A55-BB10-436D-89BA-A2CD526C6A73}.Debug|Any CPU.Build.0 = Debug|Any CPU
		{37AF3A55-BB10-436D-89BA-A2CD526C6A73}.Release|Any CPU.ActiveCfg = Release|Any CPU
		{37AF3A55-BB10-436D-89BA-A2CD526C6A73}.Release|Any CPU.Build.0 = Release|Any CPU
		{327ADD49-5DCB-457B-8E31-10885FE4D50E}.Debug|Any CPU.ActiveCfg = Debug|Any CPU
		{327ADD49-5DCB-457B-8E31-10885FE4D50E}.Debug|Any CPU.Build.0 = Debug|Any CPU
		{327ADD49-5DCB-457B-8E31-10885FE4D50E}.Release|Any CPU.ActiveCfg = Release|Any CPU
		{327ADD49-5DCB-457B-8E31-10885FE4D50E}.Release|Any CPU.Build.0 = Release|Any CPU
		{EE2F46DE-9711-4BCA-B6B5-BA459B63729D}.Debug|Any CPU.ActiveCfg = Debug|Any CPU
		{EE2F46DE-9711-4BCA-B6B5-BA459B63729D}.Debug|Any CPU.Build.0 = Debug|Any CPU
		{EE2F46DE-9711-4BCA-B6B5-BA459B63729D}.Release|Any CPU.ActiveCfg = Release|Any CPU
		{EE2F46DE-9711-4BCA-B6B5-BA459B63729D}.Release|Any CPU.Build.0 = Release|Any CPU
		{49F6962E-F928-4E1F-8095-DB1458B77406}.Debug|Any CPU.ActiveCfg = Debug|Any CPU
		{49F6962E-F928-4E1F-8095-DB1458B77406}.Debug|Any CPU.Build.0 = Debug|Any CPU
		{49F6962E-F928-4E1F-8095-DB1458B77406}.Release|Any CPU.ActiveCfg = Release|Any CPU
		{49F6962E-F928-4E1F-8095-DB1458B77406}.Release|Any CPU.Build.0 = Release|Any CPU
		{81A5E6EE-5EFA-41B1-A4FB-441EF6A8B4B7}.Debug|Any CPU.ActiveCfg = Debug|Any CPU
		{81A5E6EE-5EFA-41B1-A4FB-441EF6A8B4B7}.Debug|Any CPU.Build.0 = Debug|Any CPU
		{81A5E6EE-5EFA-41B1-A4FB-441EF6A8B4B7}.Release|Any CPU.ActiveCfg = Release|Any CPU
		{81A5E6EE-5EFA-41B1-A4FB-441EF6A8B4B7}.Release|Any CPU.Build.0 = Release|Any CPU
		{21EB9FA1-FD42-44BF-ADB4-863A50E5AEE9}.Debug|Any CPU.ActiveCfg = Debug|Any CPU
		{21EB9FA1-FD42-44BF-ADB4-863A50E5AEE9}.Debug|Any CPU.Build.0 = Debug|Any CPU
		{21EB9FA1-FD42-44BF-ADB4-863A50E5AEE9}.Release|Any CPU.ActiveCfg = Release|Any CPU
		{21EB9FA1-FD42-44BF-ADB4-863A50E5AEE9}.Release|Any CPU.Build.0 = Release|Any CPU
		{299101DC-D870-49FE-AAD1-C36884AB54AF}.Debug|Any CPU.ActiveCfg = Debug|Any CPU
		{299101DC-D870-49FE-AAD1-C36884AB54AF}.Debug|Any CPU.Build.0 = Debug|Any CPU
		{299101DC-D870-49FE-AAD1-C36884AB54AF}.Release|Any CPU.ActiveCfg = Release|Any CPU
		{299101DC-D870-49FE-AAD1-C36884AB54AF}.Release|Any CPU.Build.0 = Release|Any CPU
		{15944D17-06FF-4242-B48A-52ABAD3D15FF}.Debug|Any CPU.ActiveCfg = Debug|Any CPU
		{15944D17-06FF-4242-B48A-52ABAD3D15FF}.Debug|Any CPU.Build.0 = Debug|Any CPU
		{15944D17-06FF-4242-B48A-52ABAD3D15FF}.Release|Any CPU.ActiveCfg = Release|Any CPU
		{15944D17-06FF-4242-B48A-52ABAD3D15FF}.Release|Any CPU.Build.0 = Release|Any CPU
		{35838C46-0CCE-422D-A8A7-BAEED90F0FEB}.Debug|Any CPU.ActiveCfg = Debug|Any CPU
		{35838C46-0CCE-422D-A8A7-BAEED90F0FEB}.Debug|Any CPU.Build.0 = Debug|Any CPU
		{35838C46-0CCE-422D-A8A7-BAEED90F0FEB}.Release|Any CPU.ActiveCfg = Release|Any CPU
		{35838C46-0CCE-422D-A8A7-BAEED90F0FEB}.Release|Any CPU.Build.0 = Release|Any CPU
		{3604B5AD-CD09-4D72-BA71-C8B1A963A771}.Debug|Any CPU.ActiveCfg = Debug|Any CPU
		{3604B5AD-CD09-4D72-BA71-C8B1A963A771}.Debug|Any CPU.Build.0 = Debug|Any CPU
		{3604B5AD-CD09-4D72-BA71-C8B1A963A771}.Release|Any CPU.ActiveCfg = Release|Any CPU
		{3604B5AD-CD09-4D72-BA71-C8B1A963A771}.Release|Any CPU.Build.0 = Release|Any CPU
		{917B1380-E075-43DA-823D-BBBCF49D4727}.Debug|Any CPU.ActiveCfg = Debug|Any CPU
		{917B1380-E075-43DA-823D-BBBCF49D4727}.Debug|Any CPU.Build.0 = Debug|Any CPU
		{917B1380-E075-43DA-823D-BBBCF49D4727}.Release|Any CPU.ActiveCfg = Release|Any CPU
		{917B1380-E075-43DA-823D-BBBCF49D4727}.Release|Any CPU.Build.0 = Release|Any CPU
	EndGlobalSection
	GlobalSection(SolutionProperties) = preSolution
		HideSolutionNode = FALSE
	EndGlobalSection
	GlobalSection(ExtensibilityGlobals) = postSolution
		SolutionGuid = {36B5D38B-D2BA-4A5B-9B77-ED6141ECD2CF}
	EndGlobalSection
EndGlobal
