
Microsoft Visual Studio Solution File, Format Version 12.00
# Visual Studio Version 17
VisualStudioVersion = 17.4.33122.133
MinimumVisualStudioVersion = 10.0.40219.1
Project("{FAE04EC0-301F-11D3-BF4B-00C04F79EFBC}") = "WorkingWithEFCore", "WorkingWithEFCore\WorkingWithEFCore.csproj", "{49584B11-076E-4E2F-91AF-572564036349}"
EndProject
Global
	GlobalSection(SolutionConfigurationPlatforms) = preSolution
		Debug|Any CPU = Debug|Any CPU
		Release|Any CPU = Release|Any CPU
	EndGlobalSection
	GlobalSection(ProjectConfigurationPlatforms) = postSolution
		{49584B11-076E-4E2F-91AF-572564036349}.Debug|Any CPU.ActiveCfg = Debug|Any CPU
		{49584B11-076E-4E2F-91AF-572564036349}.Debug|Any CPU.Build.0 = Debug|Any CPU
		{49584B11-076E-4E2F-91AF-572564036349}.Release|Any CPU.ActiveCfg = Release|Any CPU
		{49584B11-076E-4E2F-91AF-572564036349}.Release|Any CPU.Build.0 = Release|Any CPU
	EndGlobalSection
	GlobalSection(SolutionProperties) = preSolution
		HideSolutionNode = FALSE
	EndGlobalSection
	GlobalSection(ExtensibilityGlobals) = postSolution
		SolutionGuid = {FE2766CC-3A06-44B2-A5E9-280B28EF55E5}
	EndGlobalSection
EndGlobal
