
Microsoft Visual Studio Solution File, Format Version 12.00
# Visual Studio Version 17
VisualStudioVersion = 17.14.36717.8 d17.14
MinimumVisualStudioVersion = 10.0.40219.1
Project("{FAE04EC0-301F-11D3-BF4B-00C04F79EFBC}") = "Test01", "Test01.csproj", "{4480BFEB-DE02-4CEB-BA2B-5CBD7F1113E4}"
EndProject
Global
	GlobalSection(SolutionConfigurationPlatforms) = preSolution
		Debug|Any CPU = Debug|Any CPU
		Release|Any CPU = Release|Any CPU
	EndGlobalSection
	GlobalSection(ProjectConfigurationPlatforms) = postSolution
		{4480BFEB-DE02-4CEB-BA2B-5CBD7F1113E4}.Debug|Any CPU.ActiveCfg = Debug|Any CPU
		{4480BFEB-DE02-4CEB-BA2B-5CBD7F1113E4}.Debug|Any CPU.Build.0 = Debug|Any CPU
		{4480BFEB-DE02-4CEB-BA2B-5CBD7F1113E4}.Release|Any CPU.ActiveCfg = Release|Any CPU
		{4480BFEB-DE02-4CEB-BA2B-5CBD7F1113E4}.Release|Any CPU.Build.0 = Release|Any CPU
	EndGlobalSection
	GlobalSection(SolutionProperties) = preSolution
		HideSolutionNode = FALSE
	EndGlobalSection
	GlobalSection(ExtensibilityGlobals) = postSolution
		SolutionGuid = {F5F2D706-2222-452B-B4C4-A1A45C387CBF}
	EndGlobalSection
EndGlobal
