
Microsoft Visual Studio Solution File, Format Version 12.00
# Visual Studio Version 17
VisualStudioVersion = 17.4.33205.214
MinimumVisualStudioVersion = 10.0.40219.1
Project("{9A19103F-16F7-4668-BE54-9A1E7A4F7556}") = "MonitoringApp", "MonitoringApp\MonitoringApp.csproj", "{E86C34A4-52E5-4177-A511-E1D15967CD60}"
EndProject
Project("{9A19103F-16F7-4668-BE54-9A1E7A4F7556}") = "MonitoringLib", "MonitoringLib\MonitoringLib.csproj", "{D496AD9D-CFF0-4C8A-BC5F-B3D2297029E3}"
EndProject
Project("{9A19103F-16F7-4668-BE54-9A1E7A4F7556}") = "WorkingWithTasks", "WorkingWithTasks\WorkingWithTasks.csproj", "{C4BFEF50-0B10-43C8-9D25-147CDA73311F}"
EndProject
Project("{9A19103F-16F7-4668-BE54-9A1E7A4F7556}") = "NestedAndChildTasks", "NestedAndChildTasks\NestedAndChildTasks.csproj", "{9B5F795F-7359-44C3-BC5E-43D672EDB2AA}"
EndProject
Project("{9A19103F-16F7-4668-BE54-9A1E7A4F7556}") = "SynchronizingResourceAccess", "SynchronizingResourceAccess\SynchronizingResourceAccess.csproj", "{CAB915F8-93AF-4653-8CD1-5B363F7E855C}"
EndProject
Project("{9A19103F-16F7-4668-BE54-9A1E7A4F7556}") = "Benchmarking", "Benchmarking\Benchmarking.csproj", "{FB4E234B-5B01-4941-A2B3-68E775991E5B}"
EndProject
Project("{FAE04EC0-301F-11D3-BF4B-00C04F79EFBC}") = "AsyncConsole", "AsyncConsole\AsyncConsole.csproj", "{C120D128-74A6-4552-8F4A-CD1159390DD8}"
EndProject
Project("{FAE04EC0-301F-11D3-BF4B-00C04F79EFBC}") = "WpfResponsive", "WpfResponsive\WpfResponsive.csproj", "{4A568B12-58CB-40A1-A722-7B4324C2121D}"
EndProject
Project("{FAE04EC0-301F-11D3-BF4B-00C04F79EFBC}") = "AsyncEnumerate", "AsyncEnumerate\AsyncEnumerate.csproj", "{7C056547-0D1D-46FE-B1DE-7FDD59B383B3}"
EndProject
Global
	GlobalSection(SolutionConfigurationPlatforms) = preSolution
		Debug|Any CPU = Debug|Any CPU
		Release|Any CPU = Release|Any CPU
	EndGlobalSection
	GlobalSection(ProjectConfigurationPlatforms) = postSolution
		{E86C34A4-52E5-4177-A511-E1D15967CD60}.Debug|Any CPU.ActiveCfg = Debug|Any CPU
		{E86C34A4-52E5-4177-A511-E1D15967CD60}.Debug|Any CPU.Build.0 = Debug|Any CPU
		{E86C34A4-52E5-4177-A511-E1D15967CD60}.Release|Any CPU.ActiveCfg = Release|Any CPU
		{E86C34A4-52E5-4177-A511-E1D15967CD60}.Release|Any CPU.Build.0 = Release|Any CPU
		{D496AD9D-CFF0-4C8A-BC5F-B3D2297029E3}.Debug|Any CPU.ActiveCfg = Debug|Any CPU
		{D496AD9D-CFF0-4C8A-BC5F-B3D2297029E3}.Debug|Any CPU.Build.0 = Debug|Any CPU
		{D496AD9D-CFF0-4C8A-BC5F-B3D2297029E3}.Release|Any CPU.ActiveCfg = Release|Any CPU
		{D496AD9D-CFF0-4C8A-BC5F-B3D2297029E3}.Release|Any CPU.Build.0 = Release|Any CPU
		{C4BFEF50-0B10-43C8-9D25-147CDA73311F}.Debug|Any CPU.ActiveCfg = Debug|Any CPU
		{C4BFEF50-0B10-43C8-9D25-147CDA73311F}.Debug|Any CPU.Build.0 = Debug|Any CPU
		{C4BFEF50-0B10-43C8-9D25-147CDA73311F}.Release|Any CPU.ActiveCfg = Release|Any CPU
		{C4BFEF50-0B10-43C8-9D25-147CDA73311F}.Release|Any CPU.Build.0 = Release|Any CPU
		{9B5F795F-7359-44C3-BC5E-43D672EDB2AA}.Debug|Any CPU.ActiveCfg = Debug|Any CPU
		{9B5F795F-7359-44C3-BC5E-43D672EDB2AA}.Debug|Any CPU.Build.0 = Debug|Any CPU
		{9B5F795F-7359-44C3-BC5E-43D672EDB2AA}.Release|Any CPU.ActiveCfg = Release|Any CPU
		{9B5F795F-7359-44C3-BC5E-43D672EDB2AA}.Release|Any CPU.Build.0 = Release|Any CPU
		{CAB915F8-93AF-4653-8CD1-5B363F7E855C}.Debug|Any CPU.ActiveCfg = Debug|Any CPU
		{CAB915F8-93AF-4653-8CD1-5B363F7E855C}.Debug|Any CPU.Build.0 = Debug|Any CPU
		{CAB915F8-93AF-4653-8CD1-5B363F7E855C}.Release|Any CPU.ActiveCfg = Release|Any CPU
		{CAB915F8-93AF-4653-8CD1-5B363F7E855C}.Release|Any CPU.Build.0 = Release|Any CPU
		{FB4E234B-5B01-4941-A2B3-68E775991E5B}.Debug|Any CPU.ActiveCfg = Debug|Any CPU
		{FB4E234B-5B01-4941-A2B3-68E775991E5B}.Debug|Any CPU.Build.0 = Debug|Any CPU
		{FB4E234B-5B01-4941-A2B3-68E775991E5B}.Release|Any CPU.ActiveCfg = Release|Any CPU
		{FB4E234B-5B01-4941-A2B3-68E775991E5B}.Release|Any CPU.Build.0 = Release|Any CPU
		{C120D128-74A6-4552-8F4A-CD1159390DD8}.Debug|Any CPU.ActiveCfg = Debug|Any CPU
		{C120D128-74A6-4552-8F4A-CD1159390DD8}.Debug|Any CPU.Build.0 = Debug|Any CPU
		{C120D128-74A6-4552-8F4A-CD1159390DD8}.Release|Any CPU.ActiveCfg = Release|Any CPU
		{C120D128-74A6-4552-8F4A-CD1159390DD8}.Release|Any CPU.Build.0 = Release|Any CPU
		{4A568B12-58CB-40A1-A722-7B4324C2121D}.Debug|Any CPU.ActiveCfg = Debug|Any CPU
		{4A568B12-58CB-40A1-A722-7B4324C2121D}.Debug|Any CPU.Build.0 = Debug|Any CPU
		{4A568B12-58CB-40A1-A722-7B4324C2121D}.Release|Any CPU.ActiveCfg = Release|Any CPU
		{4A568B12-58CB-40A1-A722-7B4324C2121D}.Release|Any CPU.Build.0 = Release|Any CPU
		{7C056547-0D1D-46FE-B1DE-7FDD59B383B3}.Debug|Any CPU.ActiveCfg = Debug|Any CPU
		{7C056547-0D1D-46FE-B1DE-7FDD59B383B3}.Debug|Any CPU.Build.0 = Debug|Any CPU
		{7C056547-0D1D-46FE-B1DE-7FDD59B383B3}.Release|Any CPU.ActiveCfg = Release|Any CPU
		{7C056547-0D1D-46FE-B1DE-7FDD59B383B3}.Release|Any CPU.Build.0 = Release|Any CPU
	EndGlobalSection
	GlobalSection(SolutionProperties) = preSolution
		HideSolutionNode = FALSE
	EndGlobalSection
	GlobalSection(ExtensibilityGlobals) = postSolution
		SolutionGuid = {73703B1E-35E3-4C1E-AC39-AE2D18C91D2C}
	EndGlobalSection
EndGlobal
