
Microsoft Visual Studio Solution File, Format Version 12.00
# Visual Studio Version 17
VisualStudioVersion = 17.4.33103.184
MinimumVisualStudioVersion = 10.0.40219.1
Project("{9A19103F-16F7-4668-BE54-9A1E7A4F7556}") = "WorkingWithNumbers", "WorkingWithNumbers\WorkingWithNumbers.csproj", "{3AA22E88-CDDC-4948-9971-C971C3CFA499}"
EndProject
Project("{9A19103F-16F7-4668-BE54-9A1E7A4F7556}") = "WorkingWithText", "WorkingWithText\WorkingWithText.csproj", "{BD0C2382-FD34-4AD4-A6B3-6187F742D674}"
EndProject
Project("{9A19103F-16F7-4668-BE54-9A1E7A4F7556}") = "WorkingWithTime", "WorkingWithTime\WorkingWithTime.csproj", "{456B63CB-EE5E-4992-B3E6-37891BC045B6}"
EndProject
Project("{9A19103F-16F7-4668-BE54-9A1E7A4F7556}") = "WorkingWithRegularExpressions", "WorkingWithRegularExpressions\WorkingWithRegularExpressions.csproj", "{A1F4C805-5335-4E0A-9191-93547451F95C}"
EndProject
Project("{9A19103F-16F7-4668-BE54-9A1E7A4F7556}") = "WorkingWithLists", "WorkingWithLists\WorkingWithLists.csproj", "{24E3DB47-CE7B-443C-A07E-8FDC851CB8EC}"
EndProject
Project("{9A19103F-16F7-4668-BE54-9A1E7A4F7556}") = "WorkingWithDictionaries", "WorkingWithDicrionaries\WorkingWithDictionaries.csproj", "{859A00BC-0F0B-4588-BDD0-3B0000485D85}"
EndProject
Project("{FAE04EC0-301F-11D3-BF4B-00C04F79EFBC}") = "WorkingWithQueues", "WorkingWithQueues\WorkingWithQueues.csproj", "{7DBF45F4-4171-454A-9BD7-CBC067BE83A7}"
EndProject
Project("{FAE04EC0-301F-11D3-BF4B-00C04F79EFBC}") = "WorkingWithRanges", "WorkingWithRanges\WorkingWithRanges.csproj", "{CB50C99E-FD63-42C7-935F-552815C2C2DC}"
EndProject
Project("{FAE04EC0-301F-11D3-BF4B-00C04F79EFBC}") = "WorkingWithNetworkResources", "WorkingWithNetworkResources\WorkingWithNetworkResources.csproj", "{07565032-225E-4958-875E-90D914977E88}"
EndProject
Global
	GlobalSection(SolutionConfigurationPlatforms) = preSolution
		Debug|Any CPU = Debug|Any CPU
		Release|Any CPU = Release|Any CPU
	EndGlobalSection
	GlobalSection(ProjectConfigurationPlatforms) = postSolution
		{3AA22E88-CDDC-4948-9971-C971C3CFA499}.Debug|Any CPU.ActiveCfg = Debug|Any CPU
		{3AA22E88-CDDC-4948-9971-C971C3CFA499}.Debug|Any CPU.Build.0 = Debug|Any CPU
		{3AA22E88-CDDC-4948-9971-C971C3CFA499}.Release|Any CPU.ActiveCfg = Release|Any CPU
		{3AA22E88-CDDC-4948-9971-C971C3CFA499}.Release|Any CPU.Build.0 = Release|Any CPU
		{BD0C2382-FD34-4AD4-A6B3-6187F742D674}.Debug|Any CPU.ActiveCfg = Debug|Any CPU
		{BD0C2382-FD34-4AD4-A6B3-6187F742D674}.Debug|Any CPU.Build.0 = Debug|Any CPU
		{BD0C2382-FD34-4AD4-A6B3-6187F742D674}.Release|Any CPU.ActiveCfg = Release|Any CPU
		{BD0C2382-FD34-4AD4-A6B3-6187F742D674}.Release|Any CPU.Build.0 = Release|Any CPU
		{456B63CB-EE5E-4992-B3E6-37891BC045B6}.Debug|Any CPU.ActiveCfg = Debug|Any CPU
		{456B63CB-EE5E-4992-B3E6-37891BC045B6}.Debug|Any CPU.Build.0 = Debug|Any CPU
		{456B63CB-EE5E-4992-B3E6-37891BC045B6}.Release|Any CPU.ActiveCfg = Release|Any CPU
		{456B63CB-EE5E-4992-B3E6-37891BC045B6}.Release|Any CPU.Build.0 = Release|Any CPU
		{A1F4C805-5335-4E0A-9191-93547451F95C}.Debug|Any CPU.ActiveCfg = Debug|Any CPU
		{A1F4C805-5335-4E0A-9191-93547451F95C}.Debug|Any CPU.Build.0 = Debug|Any CPU
		{A1F4C805-5335-4E0A-9191-93547451F95C}.Release|Any CPU.ActiveCfg = Release|Any CPU
		{A1F4C805-5335-4E0A-9191-93547451F95C}.Release|Any CPU.Build.0 = Release|Any CPU
		{24E3DB47-CE7B-443C-A07E-8FDC851CB8EC}.Debug|Any CPU.ActiveCfg = Debug|Any CPU
		{24E3DB47-CE7B-443C-A07E-8FDC851CB8EC}.Debug|Any CPU.Build.0 = Debug|Any CPU
		{24E3DB47-CE7B-443C-A07E-8FDC851CB8EC}.Release|Any CPU.ActiveCfg = Release|Any CPU
		{24E3DB47-CE7B-443C-A07E-8FDC851CB8EC}.Release|Any CPU.Build.0 = Release|Any CPU
		{859A00BC-0F0B-4588-BDD0-3B0000485D85}.Debug|Any CPU.ActiveCfg = Debug|Any CPU
		{859A00BC-0F0B-4588-BDD0-3B0000485D85}.Debug|Any CPU.Build.0 = Debug|Any CPU
		{859A00BC-0F0B-4588-BDD0-3B0000485D85}.Release|Any CPU.ActiveCfg = Release|Any CPU
		{859A00BC-0F0B-4588-BDD0-3B0000485D85}.Release|Any CPU.Build.0 = Release|Any CPU
		{7DBF45F4-4171-454A-9BD7-CBC067BE83A7}.Debug|Any CPU.ActiveCfg = Debug|Any CPU
		{7DBF45F4-4171-454A-9BD7-CBC067BE83A7}.Debug|Any CPU.Build.0 = Debug|Any CPU
		{7DBF45F4-4171-454A-9BD7-CBC067BE83A7}.Release|Any CPU.ActiveCfg = Release|Any CPU
		{7DBF45F4-4171-454A-9BD7-CBC067BE83A7}.Release|Any CPU.Build.0 = Release|Any CPU
		{CB50C99E-FD63-42C7-935F-552815C2C2DC}.Debug|Any CPU.ActiveCfg = Debug|Any CPU
		{CB50C99E-FD63-42C7-935F-552815C2C2DC}.Debug|Any CPU.Build.0 = Debug|Any CPU
		{CB50C99E-FD63-42C7-935F-552815C2C2DC}.Release|Any CPU.ActiveCfg = Release|Any CPU
		{CB50C99E-FD63-42C7-935F-552815C2C2DC}.Release|Any CPU.Build.0 = Release|Any CPU
		{07565032-225E-4958-875E-90D914977E88}.Debug|Any CPU.ActiveCfg = Debug|Any CPU
		{07565032-225E-4958-875E-90D914977E88}.Debug|Any CPU.Build.0 = Debug|Any CPU
		{07565032-225E-4958-875E-90D914977E88}.Release|Any CPU.ActiveCfg = Release|Any CPU
		{07565032-225E-4958-875E-90D914977E88}.Release|Any CPU.Build.0 = Release|Any CPU
	EndGlobalSection
	GlobalSection(SolutionProperties) = preSolution
		HideSolutionNode = FALSE
	EndGlobalSection
	GlobalSection(ExtensibilityGlobals) = postSolution
		SolutionGuid = {93E5F07D-A7C9-4376-8287-712F51085CFE}
	EndGlobalSection
EndGlobal
